{
  "name": "countDownDevFest2019",
  "version": "1.0.0",
  "lockfileVersion": 1,
  "requires": true,
  "dependencies": {
    "midi-player-js": {
      "version": "2.0.5",
      "resolved": "https://registry.npmjs.org/midi-player-js/-/midi-player-js-2.0.5.tgz",
      "integrity": "sha512-1HrjWzlb6h9Jf0y62WXlBwZE4sq52h7DRNk5yRr0yhUShCnvyavCAogEqzbxuFGweEPaXrBz1G4uEIs/O71Xkg=="
    }
  }
}
