{
  "name": "countDownDevFest2019",
  "version": "1.0.0",
  "lockfileVersion": 1,
  "requires": true,
  "dependencies": {
    "@tonejs/midi": {
      "version": "1.2.3",
      "resolved": "https://registry.npmjs.org/@tonejs/midi/-/midi-1.2.3.tgz",
      "integrity": "sha512-pTefiZ9ItoJ9ua0zYT9vZRHASgcSoIUg9EBDqUAvCS05FiarAbKSYdOmoJNZKESWCofnzOgQC2MatDU+WRXPbw==",
      "requires": {
        "midi-file": "^1.1.1"
      }
    },
    "midi-file": {
      "version": "1.1.1",
      "resolved": "https://registry.npmjs.org/midi-file/-/midi-file-1.1.1.tgz",
      "integrity": "sha512-HI6Y/kc9g1Af0OqMkTzI2AeGgPJMONgQcd/13gBf8C9BcUh7wa/AnXR1Fgl8SIuO7GJmFhSIACEWcwiAz2E2Pg=="
    },
    "midi-player-js": {
      "version": "2.0.5",
      "resolved": "https://registry.npmjs.org/midi-player-js/-/midi-player-js-2.0.5.tgz",
      "integrity": "sha512-1HrjWzlb6h9Jf0y62WXlBwZE4sq52h7DRNk5yRr0yhUShCnvyavCAogEqzbxuFGweEPaXrBz1G4uEIs/O71Xkg=="
    }
  }
}
